
Microsoft Visual Studio Solution File, Format Version 12.00
# Visual Studio Version 17
VisualStudioVersion = 17.5.33502.453
MinimumVisualStudioVersion = 10.0.40219.1
Project("{FAE04EC0-301F-11D3-BF4B-00C04F79EFBC}") = "WebTest2", "WebTest2.csproj", "{0D886841-3B43-4BDA-815D-872B0804687A}"
EndProject
Global
	GlobalSection(SolutionConfigurationPlatforms) = preSolution
		Debug|Any CPU = Debug|Any CPU
		Release|Any CPU = Release|Any CPU
	EndGlobalSection
	GlobalSection(ProjectConfigurationPlatforms) = postSolution
		{0D886841-3B43-4BDA-815D-872B0804687A}.Debug|Any CPU.ActiveCfg = Debug|Any CPU
		{0D886841-3B43-4BDA-815D-872B0804687A}.Debug|Any CPU.Build.0 = Debug|Any CPU
		{0D886841-3B43-4BDA-815D-872B0804687A}.Release|Any CPU.ActiveCfg = Release|Any CPU
		{0D886841-3B43-4BDA-815D-872B0804687A}.Release|Any CPU.Build.0 = Release|Any CPU
	EndGlobalSection
	GlobalSection(SolutionProperties) = preSolution
		HideSolutionNode = FALSE
	EndGlobalSection
	GlobalSection(ExtensibilityGlobals) = postSolution
		SolutionGuid = {F595F0E5-61B0-4303-94F8-7AB737A10357}
	EndGlobalSection
EndGlobal
